
Microsoft Visual Studio Solution File, Format Version 12.00
# Visual Studio Version 17
VisualStudioVersion = 17.7.34202.233
MinimumVisualStudioVersion = 10.0.40219.1
Project("{FAE04EC0-301F-11D3-BF4B-00C04F79EFBC}") = "Lesson22 05.10.2023", "Lesson22 05.10.2023\Lesson22 05.10.2023.csproj", "{E4ABDC7D-9B4A-43F7-BC09-D56F908E6FAD}"
EndProject
Global
	GlobalSection(SolutionConfigurationPlatforms) = preSolution
		Debug|Any CPU = Debug|Any CPU
		Release|Any CPU = Release|Any CPU
	EndGlobalSection
	GlobalSection(ProjectConfigurationPlatforms) = postSolution
		{E4ABDC7D-9B4A-43F7-BC09-D56F908E6FAD}.Debug|Any CPU.ActiveCfg = Debug|Any CPU
		{E4ABDC7D-9B4A-43F7-BC09-D56F908E6FAD}.Debug|Any CPU.Build.0 = Debug|Any CPU
		{E4ABDC7D-9B4A-43F7-BC09-D56F908E6FAD}.Release|Any CPU.ActiveCfg = Release|Any CPU
		{E4ABDC7D-9B4A-43F7-BC09-D56F908E6FAD}.Release|Any CPU.Build.0 = Release|Any CPU
	EndGlobalSection
	GlobalSection(SolutionProperties) = preSolution
		HideSolutionNode = FALSE
	EndGlobalSection
	GlobalSection(ExtensibilityGlobals) = postSolution
		SolutionGuid = {E4F2C59B-77BF-4E3D-9946-A348854B28F2}
	EndGlobalSection
EndGlobal
